// !$*UTF8*$!
{
	archiveVersion = 1;
	classes = {
	};
	objectVersion = 45;
	objects = {

/* Begin PBXBuildFile section */
		4CE5F21D107AB6D200DCB1EB /* adler32.c in Sources */ = {isa = PBXBuildFile; fileRef = 4CE5F208107AB6D200DCB1EB /* adler32.c */; };
		4CE5F21E107AB6D200DCB1EB /* compress.c in Sources */ = {isa = PBXBuildFile; fileRef = 4CE5F209107AB6D200DCB1EB /* compress.c */; };
		4CE5F21F107AB6D200DCB1EB /* crc32.c in Sources */ = {isa = PBXBuildFile; fileRef = 4CE5F20A107AB6D200DCB1EB /* crc32.c */; };
		4CE5F220107AB6D200DCB1EB /* crc32.h in Headers */ = {isa = PBXBuildFile; fileRef = 4CE5F20B107AB6D200DCB1EB /* crc32.h */; };
		4CE5F221107AB6D200DCB1EB /* deflate.c in Sources */ = {isa = PBXBuildFile; fileRef = 4CE5F20C107AB6D200DCB1EB /* deflate.c */; };
		4CE5F222107AB6D200DCB1EB /* deflate.h in Headers */ = {isa = PBXBuildFile; fileRef = 4CE5F20D107AB6D200DCB1EB /* deflate.h */; };
		4CE5F223107AB6D200DCB1EB /* infback.c in Sources */ = {isa = PBXBuildFile; fileRef = 4CE5F20E107AB6D200DCB1EB /* infback.c */; };
		4CE5F224107AB6D200DCB1EB /* inffast.c in Sources */ = {isa = PBXBuildFile; fileRef = 4CE5F20F107AB6D200DCB1EB /* inffast.c */; };
		4CE5F225107AB6D200DCB1EB /* inffast.h in Headers */ = {isa = PBXBuildFile; fileRef = 4CE5F210107AB6D200DCB1EB /* inffast.h */; };
		4CE5F226107AB6D200DCB1EB /* inflate.c in Sources */ = {isa = PBXBuildFile; fileRef = 4CE5F211107AB6D200DCB1EB /* inflate.c */; };
		4CE5F227107AB6D200DCB1EB /* inflate.h in Headers */ = {isa = PBXBuildFile; fileRef = 4CE5F212107AB6D200DCB1EB /* inflate.h */; };
		4CE5F228107AB6D200DCB1EB /* inftrees.c in Sources */ = {isa = PBXBuildFile; fileRef = 4CE5F213107AB6D200DCB1EB /* inftrees.c */; };
		4CE5F229107AB6D200DCB1EB /* inftrees.h in Headers */ = {isa = PBXBuildFile; fileRef = 4CE5F214107AB6D200DCB1EB /* inftrees.h */; };
		4CE5F22B107AB6D200DCB1EB /* trees.c in Sources */ = {isa = PBXBuildFile; fileRef = 4CE5F216107AB6D200DCB1EB /* trees.c */; };
		4CE5F22C107AB6D200DCB1EB /* trees.h in Headers */ = {isa = PBXBuildFile; fileRef = 4CE5F217107AB6D200DCB1EB /* trees.h */; };
		4CE5F22D107AB6D200DCB1EB /* uncompr.c in Sources */ = {isa = PBXBuildFile; fileRef = 4CE5F218107AB6D200DCB1EB /* uncompr.c */; };
		4CE5F22E107AB6D200DCB1EB /* zconf.h in Headers */ = {isa = PBXBuildFile; fileRef = 4CE5F219107AB6D200DCB1EB /* zconf.h */; settings = {ATTRIBUTES = (Public, ); }; };
		4CE5F22F107AB6D200DCB1EB /* zlib.h in Headers */ = {isa = PBXBuildFile; fileRef = 4CE5F21A107AB6D200DCB1EB /* zlib.h */; settings = {ATTRIBUTES = (Public, ); }; };
		4CE5F230107AB6D200DCB1EB /* zutil.c in Sources */ = {isa = PBXBuildFile; fileRef = 4CE5F21B107AB6D200DCB1EB /* zutil.c */; };
		4CE5F231107AB6D200DCB1EB /* zutil.h in Headers */ = {isa = PBXBuildFile; fileRef = 4CE5F21C107AB6D200DCB1EB /* zutil.h */; };
		B1EA68D31318904800CB9362 /* gzclose.c in Sources */ = {isa = PBXBuildFile; fileRef = B1EA68CD1318904800CB9362 /* gzclose.c */; };
		B1EA68D41318904800CB9362 /* gzguts.h in Headers */ = {isa = PBXBuildFile; fileRef = B1EA68CE1318904800CB9362 /* gzguts.h */; };
		B1EA68D51318904800CB9362 /* gzlib.c in Sources */ = {isa = PBXBuildFile; fileRef = B1EA68CF1318904800CB9362 /* gzlib.c */; };
		B1EA68D61318904800CB9362 /* gzread.c in Sources */ = {isa = PBXBuildFile; fileRef = B1EA68D01318904800CB9362 /* gzread.c */; };
		B1EA68D71318904800CB9362 /* gzwrite.c in Sources */ = {isa = PBXBuildFile; fileRef = B1EA68D11318904800CB9362 /* gzwrite.c */; };
		B1EA68D81318904800CB9362 /* inffixed.h in Headers */ = {isa = PBXBuildFile; fileRef = B1EA68D21318904800CB9362 /* inffixed.h */; };
/* End PBXBuildFile section */

/* Begin PBXFileReference section */
		4CE5F208107AB6D200DCB1EB /* adler32.c */ = {isa = PBXFileReference; fileEncoding = 4; lastKnownFileType = sourcecode.c.c; path = adler32.c; sourceTree = "<group>"; };
		4CE5F209107AB6D200DCB1EB /* compress.c */ = {isa = PBXFileReference; fileEncoding = 4; lastKnownFileType = sourcecode.c.c; path = compress.c; sourceTree = "<group>"; };
		4CE5F20A107AB6D200DCB1EB /* crc32.c */ = {isa = PBXFileReference; fileEncoding = 4; lastKnownFileType = sourcecode.c.c; path = crc32.c; sourceTree = "<group>"; };
		4CE5F20B107AB6D200DCB1EB /* crc32.h */ = {isa = PBXFileReference; fileEncoding = 4; lastKnownFileType = sourcecode.c.h; path = crc32.h; sourceTree = "<group>"; };
		4CE5F20C107AB6D200DCB1EB /* deflate.c */ = {isa = PBXFileReference; fileEncoding = 4; lastKnownFileType = sourcecode.c.c; path = deflate.c; sourceTree = "<group>"; };
		4CE5F20D107AB6D200DCB1EB /* deflate.h */ = {isa = PBXFileReference; fileEncoding = 4; lastKnownFileType = sourcecode.c.h; path = deflate.h; sourceTree = "<group>"; };
		4CE5F20E107AB6D200DCB1EB /* infback.c */ = {isa = PBXFileReference; fileEncoding = 4; lastKnownFileType = sourcecode.c.c; path = infback.c; sourceTree = "<group>"; };
		4CE5F20F107AB6D200DCB1EB /* inffast.c */ = {isa = PBXFileReference; fileEncoding = 4; lastKnownFileType = sourcecode.c.c; path = inffast.c; sourceTree = "<group>"; };
		4CE5F210107AB6D200DCB1EB /* inffast.h */ = {isa = PBXFileReference; fileEncoding = 4; lastKnownFileType = sourcecode.c.h; path = inffast.h; sourceTree = "<group>"; };
		4CE5F211107AB6D200DCB1EB /* inflate.c */ = {isa = PBXFileReference; fileEncoding = 4; lastKnownFileType = sourcecode.c.c; path = inflate.c; sourceTree = "<group>"; };
		4CE5F212107AB6D200DCB1EB /* inflate.h */ = {isa = PBXFileReference; fileEncoding = 4; lastKnownFileType = sourcecode.c.h; path = inflate.h; sourceTree = "<group>"; };
		4CE5F213107AB6D200DCB1EB /* inftrees.c */ = {isa = PBXFileReference; fileEncoding = 4; lastKnownFileType = sourcecode.c.c; path = inftrees.c; sourceTree = "<group>"; };
		4CE5F214107AB6D200DCB1EB /* inftrees.h */ = {isa = PBXFileReference; fileEncoding = 4; lastKnownFileType = sourcecode.c.h; path = inftrees.h; sourceTree = "<group>"; };
		4CE5F216107AB6D200DCB1EB /* trees.c */ = {isa = PBXFileReference; fileEncoding = 4; lastKnownFileType = sourcecode.c.c; path = trees.c; sourceTree = "<group>"; };
		4CE5F217107AB6D200DCB1EB /* trees.h */ = {isa = PBXFileReference; fileEncoding = 4; lastKnownFileType = sourcecode.c.h; path = trees.h; sourceTree = "<group>"; };
		4CE5F218107AB6D200DCB1EB /* uncompr.c */ = {isa = PBXFileReference; fileEncoding = 4; lastKnownFileType = sourcecode.c.c; path = uncompr.c; sourceTree = "<group>"; };
		4CE5F219107AB6D200DCB1EB /* zconf.h */ = {isa = PBXFileReference; fileEncoding = 4; lastKnownFileType = sourcecode.c.h; path = zconf.h; sourceTree = "<group>"; };
		4CE5F21A107AB6D200DCB1EB /* zlib.h */ = {isa = PBXFileReference; fileEncoding = 4; lastKnownFileType = sourcecode.c.h; path = zlib.h; sourceTree = "<group>"; };
		4CE5F21B107AB6D200DCB1EB /* zutil.c */ = {isa = PBXFileReference; fileEncoding = 4; lastKnownFileType = sourcecode.c.c; path = zutil.c; sourceTree = "<group>"; };
		4CE5F21C107AB6D200DCB1EB /* zutil.h */ = {isa = PBXFileReference; fileEncoding = 4; lastKnownFileType = sourcecode.c.h; path = zutil.h; sourceTree = "<group>"; };
		615A2EF51F977F1D008237C4 /* crypt.h */ = {isa = PBXFileReference; fileEncoding = 4; lastKnownFileType = sourcecode.c.h; path = crypt.h; sourceTree = "<group>"; };
		615A2EF61F977F1D008237C4 /* ioapi.c */ = {isa = PBXFileReference; fileEncoding = 4; lastKnownFileType = sourcecode.c.c; path = ioapi.c; sourceTree = "<group>"; };
		615A2EF71F977F1D008237C4 /* ioapi.h */ = {isa = PBXFileReference; fileEncoding = 4; lastKnownFileType = sourcecode.c.h; path = ioapi.h; sourceTree = "<group>"; };
		615A2EF81F977F1D008237C4 /* iowin32.c */ = {isa = PBXFileReference; fileEncoding = 4; lastKnownFileType = sourcecode.c.c; path = iowin32.c; sourceTree = "<group>"; };
		615A2EF91F977F1D008237C4 /* iowin32.h */ = {isa = PBXFileReference; fileEncoding = 4; lastKnownFileType = sourcecode.c.h; path = iowin32.h; sourceTree = "<group>"; };
		615A2EFE1F977F1D008237C4 /* miniunz.c */ = {isa = PBXFileReference; fileEncoding = 4; lastKnownFileType = sourcecode.c.c; path = miniunz.c; sourceTree = "<group>"; };
		615A2EFF1F977F1D008237C4 /* miniunzip.1 */ = {isa = PBXFileReference; fileEncoding = 4; lastKnownFileType = text.man; path = miniunzip.1; sourceTree = "<group>"; };
		615A2F001F977F1D008237C4 /* minizip.1 */ = {isa = PBXFileReference; fileEncoding = 4; lastKnownFileType = text.man; path = minizip.1; sourceTree = "<group>"; };
		615A2F011F977F1D008237C4 /* minizip.c */ = {isa = PBXFileReference; fileEncoding = 4; lastKnownFileType = sourcecode.c.c; path = minizip.c; sourceTree = "<group>"; };
		615A2F051F977F1D008237C4 /* mztools.c */ = {isa = PBXFileReference; fileEncoding = 4; lastKnownFileType = sourcecode.c.c; path = mztools.c; sourceTree = "<group>"; };
		615A2F061F977F1D008237C4 /* mztools.h */ = {isa = PBXFileReference; fileEncoding = 4; lastKnownFileType = sourcecode.c.h; path = mztools.h; sourceTree = "<group>"; };
		615A2F081F977F1D008237C4 /* unzip.c */ = {isa = PBXFileReference; fileEncoding = 4; lastKnownFileType = sourcecode.c.c; path = unzip.c; sourceTree = "<group>"; };
		615A2F0A1F977F1D008237C4 /* unzip.h */ = {isa = PBXFileReference; fileEncoding = 4; lastKnownFileType = sourcecode.c.h; path = unzip.h; sourceTree = "<group>"; };
		615A2F0B1F977F1D008237C4 /* zip.c */ = {isa = PBXFileReference; fileEncoding = 4; indentWidth = 2; lastKnownFileType = sourcecode.c.c; path = zip.c; sourceTree = "<group>"; };
		615A2F0D1F977F1D008237C4 /* zip.h */ = {isa = PBXFileReference; fileEncoding = 4; lastKnownFileType = sourcecode.c.h; path = zip.h; sourceTree = "<group>"; };
		7B1C25DB187A0979002FA6F7 /* adler32vec.s */ = {isa = PBXFileReference; fileEncoding = 4; lastKnownFileType = sourcecode.asm; path = adler32vec.s; sourceTree = "<group>"; };
		7B1C25DC187A0979002FA6F7 /* inffast.s */ = {isa = PBXFileReference; fileEncoding = 4; lastKnownFileType = sourcecode.asm; path = inffast.s; sourceTree = "<group>"; };
		7B1C25E6187A09AB002FA6F7 /* algorithm.txt */ = {isa = PBXFileReference; fileEncoding = 4; lastKnownFileType = text; path = algorithm.txt; sourceTree = "<group>"; };
		7B1C25E7187A09AB002FA6F7 /* rfc1950.txt */ = {isa = PBXFileReference; fileEncoding = 4; lastKnownFileType = text; path = rfc1950.txt; sourceTree = "<group>"; };
		7B1C25E8187A09AB002FA6F7 /* rfc1951.txt */ = {isa = PBXFileReference; fileEncoding = 4; lastKnownFileType = text; path = rfc1951.txt; sourceTree = "<group>"; };
		7B1C25E9187A09AB002FA6F7 /* rfc1952.txt */ = {isa = PBXFileReference; fileEncoding = 4; lastKnownFileType = text; path = rfc1952.txt; sourceTree = "<group>"; };
		7B1C25EA187A09AB002FA6F7 /* txtvsbin.txt */ = {isa = PBXFileReference; fileEncoding = 4; lastKnownFileType = text; path = txtvsbin.txt; sourceTree = "<group>"; };
		7B1C25EC187A09D1002FA6F7 /* adler32vec.s */ = {isa = PBXFileReference; fileEncoding = 4; lastKnownFileType = sourcecode.asm; path = adler32vec.s; sourceTree = "<group>"; };
		7B1C25ED187A09D1002FA6F7 /* inffast.s */ = {isa = PBXFileReference; fileEncoding = 4; lastKnownFileType = sourcecode.asm; path = inffast.s; sourceTree = "<group>"; };
		7B1C25F6187A09F3002FA6F7 /* compress.c.diff */ = {isa = PBXFileReference; fileEncoding = 4; lastKnownFileType = text; path = compress.c.diff; sourceTree = "<group>"; };
		7B1C25F7187A09F3002FA6F7 /* configure.diff */ = {isa = PBXFileReference; fileEncoding = 4; lastKnownFileType = text; path = configure.diff; sourceTree = "<group>"; };
		7B1C25F8187A09F3002FA6F7 /* Makefile.in.diff */ = {isa = PBXFileReference; fileEncoding = 4; lastKnownFileType = text; path = Makefile.in.diff; sourceTree = "<group>"; };
		7B1C25F9187A09F3002FA6F7 /* Makefile.msc.diff */ = {isa = PBXFileReference; fileEncoding = 4; lastKnownFileType = text; path = Makefile.msc.diff; sourceTree = "<group>"; };
		7B1C25FA187A09F3002FA6F7 /* strlcpy.diff */ = {isa = PBXFileReference; fileEncoding = 4; lastKnownFileType = text; path = strlcpy.diff; sourceTree = "<group>"; };
		7B1C25FB187A09F3002FA6F7 /* win32_zlib1.rc.diff */ = {isa = PBXFileReference; fileEncoding = 4; lastKnownFileType = text; path = win32_zlib1.rc.diff; sourceTree = "<group>"; };
		7B1C25FC187A09F3002FA6F7 /* zconf.in.h.diff */ = {isa = PBXFileReference; fileEncoding = 4; lastKnownFileType = text; path = zconf.in.h.diff; sourceTree = "<group>"; };
		7B1C25FD187A09F3002FA6F7 /* zlib.h.diff */ = {isa = PBXFileReference; fileEncoding = 4; lastKnownFileType = text; path = zlib.h.diff; sourceTree = "<group>"; };
		7B1C2601187A0A14002FA6F7 /* Build.arm.ksh */ = {isa = PBXFileReference; fileEncoding = 4; lastKnownFileType = text; path = Build.arm.ksh; sourceTree = "<group>"; };
		7B1C2602187A0A14002FA6F7 /* Build.intel.ksh */ = {isa = PBXFileReference; fileEncoding = 4; lastKnownFileType = text; path = Build.intel.ksh; sourceTree = "<group>"; };
		7B1C2603187A0A14002FA6F7 /* ClockServices.c */ = {isa = PBXFileReference; fileEncoding = 4; lastKnownFileType = sourcecode.c.c; path = ClockServices.c; sourceTree = "<group>"; };
		7B1C2604187A0A14002FA6F7 /* ClockServices.h */ = {isa = PBXFileReference; fileEncoding = 4; lastKnownFileType = sourcecode.c.h; path = ClockServices.h; sourceTree = "<group>"; };
		7B1C2605187A0A14002FA6F7 /* common.h */ = {isa = PBXFileReference; fileEncoding = 4; lastKnownFileType = sourcecode.c.h; path = common.h; sourceTree = "<group>"; };
		7B1C2606187A0A14002FA6F7 /* compress.c */ = {isa = PBXFileReference; fileEncoding = 4; lastKnownFileType = sourcecode.c.c; path = compress.c; sourceTree = "<group>"; };
		7B1C2607187A0A14002FA6F7 /* decompress.c */ = {isa = PBXFileReference; fileEncoding = 4; lastKnownFileType = sourcecode.c.c; path = decompress.c; sourceTree = "<group>"; };
		7B1C2608187A0A14002FA6F7 /* ReadMe.txt */ = {isa = PBXFileReference; fileEncoding = 4; lastKnownFileType = text; path = ReadMe.txt; sourceTree = "<group>"; };
		7B1C2609187A0A14002FA6F7 /* Test.intel.sh */ = {isa = PBXFileReference; fileEncoding = 4; lastKnownFileType = text.script.sh; path = Test.intel.sh; sourceTree = "<group>"; };
		7B1C260A187A0A14002FA6F7 /* example.c */ = {isa = PBXFileReference; fileEncoding = 4; lastKnownFileType = sourcecode.c.c; path = example.c; sourceTree = "<group>"; };
		7B1C260B187A0A14002FA6F7 /* infcover.c */ = {isa = PBXFileReference; fileEncoding = 4; lastKnownFileType = sourcecode.c.c; path = infcover.c; sourceTree = "<group>"; };
		7B1C260C187A0A14002FA6F7 /* minigzip.c */ = {isa = PBXFileReference; fileEncoding = 4; lastKnownFileType = sourcecode.c.c; path = minigzip.c; sourceTree = "<group>"; };
		B1EA68CD1318904800CB9362 /* gzclose.c */ = {isa = PBXFileReference; fileEncoding = 4; lastKnownFileType = sourcecode.c.c; path = gzclose.c; sourceTree = "<group>"; };
		B1EA68CE1318904800CB9362 /* gzguts.h */ = {isa = PBXFileReference; fileEncoding = 4; lastKnownFileType = sourcecode.c.h; path = gzguts.h; sourceTree = "<group>"; };
		B1EA68CF1318904800CB9362 /* gzlib.c */ = {isa = PBXFileReference; fileEncoding = 4; lastKnownFileType = sourcecode.c.c; path = gzlib.c; sourceTree = "<group>"; };
		B1EA68D01318904800CB9362 /* gzread.c */ = {isa = PBXFileReference; fileEncoding = 4; lastKnownFileType = sourcecode.c.c; path = gzread.c; sourceTree = "<group>"; };
		B1EA68D11318904800CB9362 /* gzwrite.c */ = {isa = PBXFileReference; fileEncoding = 4; lastKnownFileType = sourcecode.c.c; path = gzwrite.c; sourceTree = "<group>"; };
		B1EA68D21318904800CB9362 /* inffixed.h */ = {isa = PBXFileReference; fileEncoding = 4; lastKnownFileType = sourcecode.c.h; path = inffixed.h; sourceTree = "<group>"; };
		D2AAC0630554660B00DB518D /* libz.1.2.8.dylib */ = {isa = PBXFileReference; explicitFileType = "compiled.mach-o.dylib"; includeInIndex = 0; path = libz.1.2.8.dylib; sourceTree = BUILT_PRODUCTS_DIR; };
/* End PBXFileReference section */

/* Begin PBXFrameworksBuildPhase section */
		D289988505E68E00004EDB86 /* Frameworks */ = {
			isa = PBXFrameworksBuildPhase;
			buildActionMask = 2147483647;
			files = (
			);
			runOnlyForDeploymentPostprocessing = 0;
		};
/* End PBXFrameworksBuildPhase section */

/* Begin PBXGroup section */
		08FB7794FE84155DC02AAC07 /* zlib */ = {
			isa = PBXGroup;
			children = (
				615A2EE81F977EEE008237C4 /* contrib */,
				7B1C25F4187A09F3002FA6F7 /* patches */,
				7B1C25E5187A09AB002FA6F7 /* doc */,
				08FB7795FE84155DC02AAC07 /* zlib */,
				1AB674ADFE9D54B511CA2CBB /* Products */,
			);
			name = zlib;
			sourceTree = "<group>";
		};
		08FB7795FE84155DC02AAC07 /* zlib */ = {
			isa = PBXGroup;
			children = (
				7B1C25FE187A0A14002FA6F7 /* test */,
				7B1C25EB187A09D1002FA6F7 /* intel */,
				7B1C25DA187A0979002FA6F7 /* arm */,
				B1EA68CD1318904800CB9362 /* gzclose.c */,
				B1EA68CE1318904800CB9362 /* gzguts.h */,
				B1EA68CF1318904800CB9362 /* gzlib.c */,
				B1EA68D01318904800CB9362 /* gzread.c */,
				B1EA68D11318904800CB9362 /* gzwrite.c */,
				B1EA68D21318904800CB9362 /* inffixed.h */,
				4CE5F208107AB6D200DCB1EB /* adler32.c */,
				4CE5F209107AB6D200DCB1EB /* compress.c */,
				4CE5F20A107AB6D200DCB1EB /* crc32.c */,
				4CE5F20B107AB6D200DCB1EB /* crc32.h */,
				4CE5F20C107AB6D200DCB1EB /* deflate.c */,
				4CE5F20D107AB6D200DCB1EB /* deflate.h */,
				4CE5F20E107AB6D200DCB1EB /* infback.c */,
				4CE5F20F107AB6D200DCB1EB /* inffast.c */,
				4CE5F210107AB6D200DCB1EB /* inffast.h */,
				4CE5F211107AB6D200DCB1EB /* inflate.c */,
				4CE5F212107AB6D200DCB1EB /* inflate.h */,
				4CE5F213107AB6D200DCB1EB /* inftrees.c */,
				4CE5F214107AB6D200DCB1EB /* inftrees.h */,
				4CE5F216107AB6D200DCB1EB /* trees.c */,
				4CE5F217107AB6D200DCB1EB /* trees.h */,
				4CE5F218107AB6D200DCB1EB /* uncompr.c */,
				4CE5F219107AB6D200DCB1EB /* zconf.h */,
				4CE5F21A107AB6D200DCB1EB /* zlib.h */,
				4CE5F21B107AB6D200DCB1EB /* zutil.c */,
				4CE5F21C107AB6D200DCB1EB /* zutil.h */,
			);
			name = zlib;
			sourceTree = "<group>";
		};
		1AB674ADFE9D54B511CA2CBB /* Products */ = {
			isa = PBXGroup;
			children = (
				D2AAC0630554660B00DB518D /* libz.1.2.8.dylib */,
			);
			name = Products;
			sourceTree = "<group>";
		};
		615A2EE81F977EEE008237C4 /* contrib */ = {
			isa = PBXGroup;
			children = (
				615A2EED1F977F1D008237C4 /* minizip */,
			);
			name = contrib;
			sourceTree = "<group>";
		};
		615A2EED1F977F1D008237C4 /* minizip */ = {
			isa = PBXGroup;
			children = (
				615A2EF51F977F1D008237C4 /* crypt.h */,
				615A2EF61F977F1D008237C4 /* ioapi.c */,
				615A2EF71F977F1D008237C4 /* ioapi.h */,
				615A2EF81F977F1D008237C4 /* iowin32.c */,
				615A2EF91F977F1D008237C4 /* iowin32.h */,
				615A2EFE1F977F1D008237C4 /* miniunz.c */,
				615A2EFF1F977F1D008237C4 /* miniunzip.1 */,
				615A2F001F977F1D008237C4 /* minizip.1 */,
				615A2F011F977F1D008237C4 /* minizip.c */,
				615A2F051F977F1D008237C4 /* mztools.c */,
				615A2F061F977F1D008237C4 /* mztools.h */,
				615A2F081F977F1D008237C4 /* unzip.c */,
				615A2F0A1F977F1D008237C4 /* unzip.h */,
				615A2F0B1F977F1D008237C4 /* zip.c */,
				615A2F0D1F977F1D008237C4 /* zip.h */,
			);
			name = minizip;
			path = contrib/minizip;
			sourceTree = "<group>";
		};
		7B1C25DA187A0979002FA6F7 /* arm */ = {
			isa = PBXGroup;
			children = (
				7B1C25DB187A0979002FA6F7 /* adler32vec.s */,
				7B1C25DC187A0979002FA6F7 /* inffast.s */,
			);
			path = arm;
			sourceTree = "<group>";
		};
		7B1C25E5187A09AB002FA6F7 /* doc */ = {
			isa = PBXGroup;
			children = (
				7B1C25E6187A09AB002FA6F7 /* algorithm.txt */,
				7B1C25E7187A09AB002FA6F7 /* rfc1950.txt */,
				7B1C25E8187A09AB002FA6F7 /* rfc1951.txt */,
				7B1C25E9187A09AB002FA6F7 /* rfc1952.txt */,
				7B1C25EA187A09AB002FA6F7 /* txtvsbin.txt */,
			);
			path = doc;
			sourceTree = "<group>";
		};
		7B1C25EB187A09D1002FA6F7 /* intel */ = {
			isa = PBXGroup;
			children = (
				7B1C25EC187A09D1002FA6F7 /* adler32vec.s */,
				7B1C25ED187A09D1002FA6F7 /* inffast.s */,
			);
			path = intel;
			sourceTree = "<group>";
		};
		7B1C25F4187A09F3002FA6F7 /* patches */ = {
			isa = PBXGroup;
			children = (
				7B1C25F5187A09F3002FA6F7 /* Apple-zlib22 */,
			);
			path = patches;
			sourceTree = "<group>";
		};
		7B1C25F5187A09F3002FA6F7 /* Apple-zlib22 */ = {
			isa = PBXGroup;
			children = (
				7B1C25F6187A09F3002FA6F7 /* compress.c.diff */,
				7B1C25F7187A09F3002FA6F7 /* configure.diff */,
				7B1C25F8187A09F3002FA6F7 /* Makefile.in.diff */,
				7B1C25F9187A09F3002FA6F7 /* Makefile.msc.diff */,
				7B1C25FA187A09F3002FA6F7 /* strlcpy.diff */,
				7B1C25FB187A09F3002FA6F7 /* win32_zlib1.rc.diff */,
				7B1C25FC187A09F3002FA6F7 /* zconf.in.h.diff */,
				7B1C25FD187A09F3002FA6F7 /* zlib.h.diff */,
			);
			path = "Apple-zlib22";
			sourceTree = "<group>";
		};
		7B1C25FE187A0A14002FA6F7 /* test */ = {
			isa = PBXGroup;
			children = (
				7B1C25FF187A0A14002FA6F7 /* Apple_test */,
				7B1C260A187A0A14002FA6F7 /* example.c */,
				7B1C260B187A0A14002FA6F7 /* infcover.c */,
				7B1C260C187A0A14002FA6F7 /* minigzip.c */,
			);
			path = test;
			sourceTree = "<group>";
		};
		7B1C25FF187A0A14002FA6F7 /* Apple_test */ = {
			isa = PBXGroup;
			children = (
				7B1C2601187A0A14002FA6F7 /* Build.arm.ksh */,
				7B1C2602187A0A14002FA6F7 /* Build.intel.ksh */,
				7B1C2603187A0A14002FA6F7 /* ClockServices.c */,
				7B1C2604187A0A14002FA6F7 /* ClockServices.h */,
				7B1C2605187A0A14002FA6F7 /* common.h */,
				7B1C2606187A0A14002FA6F7 /* compress.c */,
				7B1C2607187A0A14002FA6F7 /* decompress.c */,
				7B1C2608187A0A14002FA6F7 /* ReadMe.txt */,
				7B1C2609187A0A14002FA6F7 /* Test.intel.sh */,
			);
			path = Apple_test;
			sourceTree = "<group>";
		};
/* End PBXGroup section */

/* Begin PBXHeadersBuildPhase section */
		D2AAC0600554660B00DB518D /* Headers */ = {
			isa = PBXHeadersBuildPhase;
			buildActionMask = 2147483647;
			files = (
				4CE5F220107AB6D200DCB1EB /* crc32.h in Headers */,
				4CE5F222107AB6D200DCB1EB /* deflate.h in Headers */,
				4CE5F225107AB6D200DCB1EB /* inffast.h in Headers */,
				4CE5F227107AB6D200DCB1EB /* inflate.h in Headers */,
				4CE5F229107AB6D200DCB1EB /* inftrees.h in Headers */,
				4CE5F22C107AB6D200DCB1EB /* trees.h in Headers */,
				4CE5F22E107AB6D200DCB1EB /* zconf.h in Headers */,
				4CE5F22F107AB6D200DCB1EB /* zlib.h in Headers */,
				4CE5F231107AB6D200DCB1EB /* zutil.h in Headers */,
				B1EA68D41318904800CB9362 /* gzguts.h in Headers */,
				B1EA68D81318904800CB9362 /* inffixed.h in Headers */,
			);
			runOnlyForDeploymentPostprocessing = 0;
		};
/* End PBXHeadersBuildPhase section */

/* Begin PBXNativeTarget section */
		D2AAC0620554660B00DB518D /* libz */ = {
			isa = PBXNativeTarget;
			buildConfigurationList = 1DEB914A08733D8E0010E9CD /* Build configuration list for PBXNativeTarget "libz" */;
			buildPhases = (
				D2AAC0600554660B00DB518D /* Headers */,
				D2AAC0610554660B00DB518D /* Sources */,
				D289988505E68E00004EDB86 /* Frameworks */,
				4CE5F255107BDA9F00DCB1EB /* ShellScript */,
			);
			buildRules = (
			);
			dependencies = (
			);
			name = libz;
			productName = zlib;
			productReference = D2AAC0630554660B00DB518D /* libz.1.2.8.dylib */;
			productType = "com.apple.product-type.library.dynamic";
		};
/* End PBXNativeTarget section */

/* Begin PBXProject section */
		08FB7793FE84155DC02AAC07 /* Project object */ = {
			isa = PBXProject;
			buildConfigurationList = 1DEB914E08733D8E0010E9CD /* Build configuration list for PBXProject "zlib" */;
			compatibilityVersion = "Xcode 3.1";
			hasScannedForEncodings = 1;
			knownRegions = (
				en,
			);
			mainGroup = 08FB7794FE84155DC02AAC07 /* zlib */;
			projectDirPath = "";
			projectRoot = "";
			targets = (
				D2AAC0620554660B00DB518D /* libz */,
			);
		};
/* End PBXProject section */

/* Begin PBXShellScriptBuildPhase section */
		4CE5F255107BDA9F00DCB1EB /* ShellScript */ = {
			isa = PBXShellScriptBuildPhase;
			buildActionMask = 8;
			files = (
			);
			inputPaths = (
			);
			outputPaths = (
			);
			runOnlyForDeploymentPostprocessing = 1;
			shellPath = /bin/sh;
			shellScript = "#!/bin/sh\necho \"This is the first (and only, so far) custom shell script\"\nset -ex\nif [ \"${RC_ProjectName%_Sim}\" != \"${RC_ProjectName}\" ] ; then\n    DSTROOT=\"${DSTROOT}${SDKROOT}\"\n    test -x `which install_name_tool`\n    install_name_tool -id /usr/lib/libz.1.dylib ${DSTROOT}/usr/lib/libz.${DYLIB_CURRENT_VERSION}.dylib\nfi\nmkdir -pv \"${DSTROOT}\"/usr/share/man/man3 \"${DSTROOT}\"/usr/local/{OpenSourceLicenses,OpenSourceVersions} \"${DSTROOT}\"/usr/include\ninstall -g \"${INSTALL_GROUP}\" -o \"${INSTALL_OWNER}\" -m \"${INSTALL_MODE_FLAG}\" zlib/zlib.3 \"${DSTROOT}\"/usr/share/man/man3\ngzip \"${DSTROOT}\"/usr/share/man/man3/*\n\ninstall -g \"${INSTALL_GROUP}\" -o \"${INSTALL_OWNER}\" -m \"${INSTALL_MODE_FLAG}\" zlib.plist \"${DSTROOT}\"/usr/local/OpenSourceVersions\ngrep -A 1073741824 Copyright zlib/README >\"${DSTROOT}\"/usr/local/OpenSourceLicenses/zlib.txt\nchmod -R -w \"${DSTROOT}\"/usr/local/Open*/zlib.*\n\nfor l in libz.1.1.3.dylib libz.1.dylib libz.dylib; do\n\techo \"l: ${l}\"\n\tln -sv libz.${DYLIB_CURRENT_VERSION}.dylib \"${DSTROOT}\"/usr/lib/${l}\ndone\n";
		};
/* End PBXShellScriptBuildPhase section */

/* Begin PBXSourcesBuildPhase section */
		D2AAC0610554660B00DB518D /* Sources */ = {
			isa = PBXSourcesBuildPhase;
			buildActionMask = 2147483647;
			files = (
				4CE5F21D107AB6D200DCB1EB /* adler32.c in Sources */,
				4CE5F21E107AB6D200DCB1EB /* compress.c in Sources */,
				4CE5F21F107AB6D200DCB1EB /* crc32.c in Sources */,
				4CE5F221107AB6D200DCB1EB /* deflate.c in Sources */,
				4CE5F223107AB6D200DCB1EB /* infback.c in Sources */,
				4CE5F224107AB6D200DCB1EB /* inffast.c in Sources */,
				4CE5F226107AB6D200DCB1EB /* inflate.c in Sources */,
				4CE5F228107AB6D200DCB1EB /* inftrees.c in Sources */,
				4CE5F22B107AB6D200DCB1EB /* trees.c in Sources */,
				4CE5F22D107AB6D200DCB1EB /* uncompr.c in Sources */,
				4CE5F230107AB6D200DCB1EB /* zutil.c in Sources */,
				B1EA68D31318904800CB9362 /* gzclose.c in Sources */,
				B1EA68D51318904800CB9362 /* gzlib.c in Sources */,
				B1EA68D61318904800CB9362 /* gzread.c in Sources */,
				B1EA68D71318904800CB9362 /* gzwrite.c in Sources */,
			);
			runOnlyForDeploymentPostprocessing = 0;
		};
/* End PBXSourcesBuildPhase section */

/* Begin XCBuildConfiguration section */
		1DEB914C08733D8E0010E9CD /* Release */ = {
			isa = XCBuildConfiguration;
			buildSettings = {
				DYLIB_COMPATIBILITY_VERSION = 1.0.0;
				DYLIB_CURRENT_VERSION = 1.2.8;
				EXECUTABLE_PREFIX = lib;
				GCC_DYNAMIC_NO_PIC = NO;
				GCC_ENABLE_PASCAL_STRINGS = NO;
				GCC_PREPROCESSOR_DEFINITIONS = USE_MMAP;
				INSTALL_PATH = /usr/lib;
				"INSTALL_PATH[sdk=iphoneos*]" = /usr/lib;
				"INSTALL_PATH[sdk=iphonesimulator*]" = "$(SDKROOT)/usr/lib";
				"INSTALL_PATH[sdk=macosx*]" = /usr/lib;
				LD_DYLIB_INSTALL_NAME = "$(DYLIB_INSTALL_NAME_BASE:standardizepath)/libz.1.dylib";
				MACH_O_TYPE = mh_dylib;
				PRODUCT_NAME = "z.$(DYLIB_CURRENT_VERSION)";
				PUBLIC_HEADERS_FOLDER_PATH = /usr/include;
				"PUBLIC_HEADERS_FOLDER_PATH[sdk=iphoneos*]" = /usr/include;
				"PUBLIC_HEADERS_FOLDER_PATH[sdk=iphonesimulator*]" = "$(SDKROOT)/usr/include";
				"PUBLIC_HEADERS_FOLDER_PATH[sdk=macosx*]" = /usr/include;
				STANDARD_C_PLUS_PLUS_LIBRARY_TYPE = dynamic;
				STRIP_STYLE = "non-global";
			};
			name = Release;
		};
		1DEB915008733D8E0010E9CD /* Release */ = {
			isa = XCBuildConfiguration;
			buildSettings = {
				ALWAYS_SEARCH_USER_PATHS = NO;
				ARCHS = "$(ARCHS_STANDARD_32_64_BIT)";
				"ARCHS[sdk=macosx10.3]" = ppc;
				"ARCHS[sdk=macosx10.4]" = (
					ppc,
					i386,
				);
				"ARCHS[sdk=macosx10.5]" = (
					ppc,
					ppc64,
					i386,
					x86_64,
				);
				DEAD_CODE_STRIPPING = YES;
				DEBUG_INFORMATION_FORMAT = "dwarf-with-dsym";
				EXPORTED_SYMBOLS_FILE = exported_symbols/libz.exp;
				GCC_AUTO_VECTORIZATION = YES;
				GCC_C_LANGUAGE_STANDARD = gnu99;
				GCC_DEBUGGING_SYMBOLS = full;
				GCC_DYNAMIC_NO_PIC = NO;
				GCC_ENABLE_CPP_EXCEPTIONS = NO;
				GCC_ENABLE_CPP_RTTI = NO;
				GCC_ENABLE_FIX_AND_CONTINUE = YES;
				GCC_ENABLE_FLOATING_POINT_LIBRARY_CALLS = YES;
				GCC_ENABLE_OBJC_EXCEPTIONS = NO;
				GCC_ENABLE_SSE3_EXTENSIONS = YES;
				GCC_ENABLE_SSE41_EXTENSIONS = YES;
				GCC_ENABLE_SSE42_EXTENSIONS = YES;
				GCC_ENABLE_SUPPLEMENTAL_SSE3_INSTRUCTIONS = YES;
				"GCC_FORCE_CPU_SUBTYPE_ALL[arch=ppc64]" = YES;
				"GCC_MODEL_PPC64[arch=ppc64]" = YES;
				"GCC_MODEL_TUNING[arch=ppc64]" = G5;
				"GCC_VERSION[sdk=macosx10.4][arch=*]" = 4.0;
				"GCC_VERSION[sdk=macosx10.6][arch=x86_64]" = com.apple.compilers.llvm.clang.1_0;
				GCC_WARN_ABOUT_GLOBAL_CONSTRUCTORS = YES;
				GCC_WARN_ABOUT_MISSING_FIELD_INITIALIZERS = YES;
				GCC_WARN_ABOUT_MISSING_NEWLINE = YES;
				GCC_WARN_ABOUT_MISSING_PROTOTYPES = YES;
				GCC_WARN_ABOUT_RETURN_TYPE = YES;
				GCC_WARN_CHECK_SWITCH_STATEMENTS = YES;
				GCC_WARN_EFFECTIVE_CPLUSPLUS_VIOLATIONS = YES;
				GCC_WARN_FOUR_CHARACTER_CONSTANTS = YES;
				GCC_WARN_HIDDEN_VIRTUAL_FUNCTIONS = YES;
				GCC_WARN_INITIALIZER_NOT_FULLY_BRACKETED = YES;
				GCC_WARN_MISSING_PARENTHESES = YES;
				GCC_WARN_MULTIPLE_DEFINITION_TYPES_FOR_SELECTOR = YES;
				GCC_WARN_NON_VIRTUAL_DESTRUCTOR = YES;
				GCC_WARN_PEDANTIC = YES;
				GCC_WARN_SHADOW = YES;
				GCC_WARN_SIGN_COMPARE = YES;
				GCC_WARN_STRICT_SELECTOR_MATCH = YES;
				GCC_WARN_UNDECLARED_SELECTOR = YES;
				GCC_WARN_UNINITIALIZED_AUTOS = YES;
				GCC_WARN_UNKNOWN_PRAGMAS = YES;
				GCC_WARN_UNUSED_FUNCTION = YES;
				GCC_WARN_UNUSED_LABEL = YES;
				GCC_WARN_UNUSED_PARAMETER = YES;
				GCC_WARN_UNUSED_VALUE = YES;
				GCC_WARN_UNUSED_VARIABLE = YES;
				GENERATE_PKGINFO_FILE = YES;
				LD_GENERATE_MAP_FILE = YES;
				MACH_O_TYPE = mh_dylib;
				OTHER_LDFLAGS = (
					"-headerpad_max_install_names",
					"-read_only_relocs",
					suppress,
				);
				"OTHER_LDFLAGS[arch=x86_64]" = (
					"-headerpad_max_install_names",
					"-keep_relocs",
				);
				RUN_CLANG_STATIC_ANALYZER = YES;
				SCAN_ALL_SOURCE_FILES_FOR_INCLUDES = YES;
				SDKROOT = macosx10.5;
				"SDKROOT[arch=i386]" = macosx10.5;
				"SDKROOT[arch=ppc64]" = macosx10.5;
				"SDKROOT[arch=ppc]" = macosx10.5;
				"SDKROOT[arch=x86_64]" = macosx10.5;
				STRIP_STYLE = "non-global";
				USE_HEADERMAP = NO;
				VALIDATE_PRODUCT = YES;
				VERSIONING_SYSTEM = "apple-generic";
				WARNING_CFLAGS = (
					"-Wall",
					"-Wimplicit",
					"-Wformat=2",
					"-Wundef",
					"-Wunused-macros",
					"-Wextra-tokens",
					"-Waggregate-return",
					"-Wbad-function-cast",
					"-Wcast-align",
					"-Wmissing-declarations",
					"-Wdeclaration-after-statement",
					"-Wdisabled-optimization",
					"-Wfloat-equal",
					"-Winit-self",
					"-Winline",
					"-Winvalid-pch",
					"-Wnested-externs",
					"-Wstrict-prototypes",
					"-Wpacked",
					"-Wpointer-arith",
					"-Wswitch-default",
					"-Wwrite-strings",
				);
				ZERO_LINK = NO;
			};
			name = Release;
		};
/* End XCBuildConfiguration section */

/* Begin XCConfigurationList section */
		1DEB914A08733D8E0010E9CD /* Build configuration list for PBXNativeTarget "libz" */ = {
			isa = XCConfigurationList;
			buildConfigurations = (
				1DEB914C08733D8E0010E9CD /* Release */,
			);
			defaultConfigurationIsVisible = 0;
			defaultConfigurationName = Release;
		};
		1DEB914E08733D8E0010E9CD /* Build configuration list for PBXProject "zlib" */ = {
			isa = XCConfigurationList;
			buildConfigurations = (
				1DEB915008733D8E0010E9CD /* Release */,
			);
			defaultConfigurationIsVisible = 0;
			defaultConfigurationName = Release;
		};
/* End XCConfigurationList section */
	};
	rootObject = 08FB7793FE84155DC02AAC07 /* Project object */;
}
